
Microsoft Visual Studio Solution File, Format Version 12.00
# Visual Studio 2012
Project("{FAE04EC0-301F-11D3-BF4B-00C04F79EFBC}") = "Samples-PCL", "Samples-PCL\Samples-PCL.csproj", "{4F7F64B4-E4D5-461A-8A4D-A26B8571304B}"
EndProject
Project("{FAE04EC0-301F-11D3-BF4B-00C04F79EFBC}") = "Samples-PCL.iOS", "iOS\Samples-PCL.iOS.csproj", "{B4DF7293-7A94-42BC-8F8A-4496AC7705F9}"
EndProject
Project("{FAE04EC0-301F-11D3-BF4B-00C04F79EFBC}") = "Samples-PCL.Droid", "Droid\Samples-PCL.Droid.csproj", "{F41CC648-B68B-47E8-BD05-D6DB9E640D04}"
EndProject
Global
	GlobalSection(SolutionConfigurationPlatforms) = preSolution
		Debug|Any CPU = Debug|Any CPU
		Release|Any CPU = Release|Any CPU
		Debug|iPhoneSimulator = Debug|iPhoneSimulator
		Release|iPhone = Release|iPhone
		Release|iPhoneSimulator = Release|iPhoneSimulator
		Debug|iPhone = Debug|iPhone
	EndGlobalSection
	GlobalSection(ProjectConfigurationPlatforms) = postSolution
		{4F7F64B4-E4D5-461A-8A4D-A26B8571304B}.Debug|Any CPU.ActiveCfg = Debug|Any CPU
		{4F7F64B4-E4D5-461A-8A4D-A26B8571304B}.Debug|Any CPU.Build.0 = Debug|Any CPU
		{4F7F64B4-E4D5-461A-8A4D-A26B8571304B}.Debug|iPhone.ActiveCfg = Debug|Any CPU
		{4F7F64B4-E4D5-461A-8A4D-A26B8571304B}.Debug|iPhone.Build.0 = Debug|Any CPU
		{4F7F64B4-E4D5-461A-8A4D-A26B8571304B}.Debug|iPhoneSimulator.ActiveCfg = Debug|Any CPU
		{4F7F64B4-E4D5-461A-8A4D-A26B8571304B}.Debug|iPhoneSimulator.Build.0 = Debug|Any CPU
		{4F7F64B4-E4D5-461A-8A4D-A26B8571304B}.Release|Any CPU.ActiveCfg = Release|Any CPU
		{4F7F64B4-E4D5-461A-8A4D-A26B8571304B}.Release|Any CPU.Build.0 = Release|Any CPU
		{4F7F64B4-E4D5-461A-8A4D-A26B8571304B}.Release|iPhone.ActiveCfg = Release|Any CPU
		{4F7F64B4-E4D5-461A-8A4D-A26B8571304B}.Release|iPhone.Build.0 = Release|Any CPU
		{4F7F64B4-E4D5-461A-8A4D-A26B8571304B}.Release|iPhoneSimulator.ActiveCfg = Release|Any CPU
		{4F7F64B4-E4D5-461A-8A4D-A26B8571304B}.Release|iPhoneSimulator.Build.0 = Release|Any CPU
		{B4DF7293-7A94-42BC-8F8A-4496AC7705F9}.Debug|Any CPU.ActiveCfg = Debug|iPhoneSimulator
		{B4DF7293-7A94-42BC-8F8A-4496AC7705F9}.Debug|Any CPU.Build.0 = Debug|iPhoneSimulator
		{B4DF7293-7A94-42BC-8F8A-4496AC7705F9}.Debug|iPhone.ActiveCfg = Debug|iPhone
		{B4DF7293-7A94-42BC-8F8A-4496AC7705F9}.Debug|iPhone.Build.0 = Debug|iPhone
		{B4DF7293-7A94-42BC-8F8A-4496AC7705F9}.Debug|iPhoneSimulator.ActiveCfg = Debug|iPhoneSimulator
		{B4DF7293-7A94-42BC-8F8A-4496AC7705F9}.Debug|iPhoneSimulator.Build.0 = Debug|iPhoneSimulator
		{B4DF7293-7A94-42BC-8F8A-4496AC7705F9}.Release|Any CPU.ActiveCfg = Release|iPhone
		{B4DF7293-7A94-42BC-8F8A-4496AC7705F9}.Release|Any CPU.Build.0 = Release|iPhone
		{B4DF7293-7A94-42BC-8F8A-4496AC7705F9}.Release|iPhone.ActiveCfg = Release|iPhone
		{B4DF7293-7A94-42BC-8F8A-4496AC7705F9}.Release|iPhone.Build.0 = Release|iPhone
		{B4DF7293-7A94-42BC-8F8A-4496AC7705F9}.Release|iPhoneSimulator.ActiveCfg = Release|iPhoneSimulator
		{B4DF7293-7A94-42BC-8F8A-4496AC7705F9}.Release|iPhoneSimulator.Build.0 = Release|iPhoneSimulator
		{F41CC648-B68B-47E8-BD05-D6DB9E640D04}.Debug|Any CPU.ActiveCfg = Debug|Any CPU
		{F41CC648-B68B-47E8-BD05-D6DB9E640D04}.Debug|Any CPU.Build.0 = Debug|Any CPU
		{F41CC648-B68B-47E8-BD05-D6DB9E640D04}.Debug|iPhone.ActiveCfg = Debug|Any CPU
		{F41CC648-B68B-47E8-BD05-D6DB9E640D04}.Debug|iPhone.Build.0 = Debug|Any CPU
		{F41CC648-B68B-47E8-BD05-D6DB9E640D04}.Debug|iPhoneSimulator.ActiveCfg = Debug|Any CPU
		{F41CC648-B68B-47E8-BD05-D6DB9E640D04}.Debug|iPhoneSimulator.Build.0 = Debug|Any CPU
		{F41CC648-B68B-47E8-BD05-D6DB9E640D04}.Release|Any CPU.ActiveCfg = Release|Any CPU
		{F41CC648-B68B-47E8-BD05-D6DB9E640D04}.Release|Any CPU.Build.0 = Release|Any CPU
		{F41CC648-B68B-47E8-BD05-D6DB9E640D04}.Release|iPhone.ActiveCfg = Release|Any CPU
		{F41CC648-B68B-47E8-BD05-D6DB9E640D04}.Release|iPhone.Build.0 = Release|Any CPU
		{F41CC648-B68B-47E8-BD05-D6DB9E640D04}.Release|iPhoneSimulator.ActiveCfg = Release|Any CPU
		{F41CC648-B68B-47E8-BD05-D6DB9E640D04}.Release|iPhoneSimulator.Build.0 = Release|Any CPU
	EndGlobalSection
EndGlobal
